
Microsoft Visual Studio Solution File, Format Version 12.00
# Visual Studio Version 17
VisualStudioVersion = 17.3.32825.248
MinimumVisualStudioVersion = 10.0.40219.1
Project("{FAE04EC0-301F-11D3-BF4B-00C04F79EFBC}") = "Semester1FinalProject", "Semester1FinalProject\Semester1FinalProject.csproj", "{CA19B50A-7B65-404E-8BCB-C0126B327E3F}"
EndProject
Global
	GlobalSection(SolutionConfigurationPlatforms) = preSolution
		Debug|Any CPU = Debug|Any CPU
		Release|Any CPU = Release|Any CPU
	EndGlobalSection
	GlobalSection(ProjectConfigurationPlatforms) = postSolution
		{CA19B50A-7B65-404E-8BCB-C0126B327E3F}.Debug|Any CPU.ActiveCfg = Debug|Any CPU
		{CA19B50A-7B65-404E-8BCB-C0126B327E3F}.Debug|Any CPU.Build.0 = Debug|Any CPU
		{CA19B50A-7B65-404E-8BCB-C0126B327E3F}.Release|Any CPU.ActiveCfg = Release|Any CPU
		{CA19B50A-7B65-404E-8BCB-C0126B327E3F}.Release|Any CPU.Build.0 = Release|Any CPU
	EndGlobalSection
	GlobalSection(SolutionProperties) = preSolution
		HideSolutionNode = FALSE
	EndGlobalSection
	GlobalSection(ExtensibilityGlobals) = postSolution
		SolutionGuid = {D55D68CF-86F3-454E-B37B-F060071F3802}
	EndGlobalSection
EndGlobal
